
Microsoft Visual Studio Solution File, Format Version 12.00
# Visual Studio Version 16
VisualStudioVersion = 16.0.31005.135
MinimumVisualStudioVersion = 10.0.40219.1
Project("{FAE04EC0-301F-11D3-BF4B-00C04F79EFBC}") = "TestConsole", "TestConsole\TestConsole.csproj", "{84716243-DC8A-4A62-9207-B56BAF31942E}"
EndProject
Project("{FAE04EC0-301F-11D3-BF4B-00C04F79EFBC}") = "Null.PhantomTank.ConsoleApp", "Null.PhantomTank.ConsoleApp\Null.PhantomTank.ConsoleApp.csproj", "{A1FF3D3D-7525-4625-A218-79E393C679AF}"
EndProject
Project("{FAE04EC0-301F-11D3-BF4B-00C04F79EFBC}") = "Null.PhantomTank", "Null.PhantomTank\Null.PhantomTank.csproj", "{71ADF4AD-3D1F-4794-A84B-8D2D3E3864E1}"
EndProject
Project("{2150E333-8FDC-42A3-9474-1A3956D46DE8}") = "Solution Items", "Solution Items", "{70ADA944-EE14-4713-B4E0-2E4390BFDC5C}"
	ProjectSection(SolutionItems) = preProject
		ReadMe.md = ReadMe.md
	EndProjectSection
EndProject
Global
	GlobalSection(SolutionConfigurationPlatforms) = preSolution
		Debug|Any CPU = Debug|Any CPU
		Release|Any CPU = Release|Any CPU
	EndGlobalSection
	GlobalSection(ProjectConfigurationPlatforms) = postSolution
		{84716243-DC8A-4A62-9207-B56BAF31942E}.Debug|Any CPU.ActiveCfg = Debug|Any CPU
		{84716243-DC8A-4A62-9207-B56BAF31942E}.Debug|Any CPU.Build.0 = Debug|Any CPU
		{84716243-DC8A-4A62-9207-B56BAF31942E}.Release|Any CPU.ActiveCfg = Release|Any CPU
		{84716243-DC8A-4A62-9207-B56BAF31942E}.Release|Any CPU.Build.0 = Release|Any CPU
		{A1FF3D3D-7525-4625-A218-79E393C679AF}.Debug|Any CPU.ActiveCfg = Debug|Any CPU
		{A1FF3D3D-7525-4625-A218-79E393C679AF}.Debug|Any CPU.Build.0 = Debug|Any CPU
		{A1FF3D3D-7525-4625-A218-79E393C679AF}.Release|Any CPU.ActiveCfg = Release|Any CPU
		{A1FF3D3D-7525-4625-A218-79E393C679AF}.Release|Any CPU.Build.0 = Release|Any CPU
		{71ADF4AD-3D1F-4794-A84B-8D2D3E3864E1}.Debug|Any CPU.ActiveCfg = Debug|Any CPU
		{71ADF4AD-3D1F-4794-A84B-8D2D3E3864E1}.Debug|Any CPU.Build.0 = Debug|Any CPU
		{71ADF4AD-3D1F-4794-A84B-8D2D3E3864E1}.Release|Any CPU.ActiveCfg = Release|Any CPU
		{71ADF4AD-3D1F-4794-A84B-8D2D3E3864E1}.Release|Any CPU.Build.0 = Release|Any CPU
	EndGlobalSection
	GlobalSection(SolutionProperties) = preSolution
		HideSolutionNode = FALSE
	EndGlobalSection
	GlobalSection(ExtensibilityGlobals) = postSolution
		SolutionGuid = {45073A54-99ED-4E60-84C7-33E5B0F8B397}
	EndGlobalSection
EndGlobal
