
Microsoft Visual Studio Solution File, Format Version 12.00
# Visual Studio Version 16
VisualStudioVersion = 16.0.31005.135
MinimumVisualStudioVersion = 10.0.40219.1
Project("{FAE04EC0-301F-11D3-BF4B-00C04F79EFBC}") = "TestConsole", "TestConsole\TestConsole.csproj", "{84716243-DC8A-4A62-9207-B56BAF31942E}"
EndProject
Project("{FAE04EC0-301F-11D3-BF4B-00C04F79EFBC}") = "Null.PhantomTank.ConsoleApp", "Null.PhantomTank.ConsoleApp\Null.PhantomTank.ConsoleApp.csproj", "{A1FF3D3D-7525-4625-A218-79E393C679AF}"
EndProject
Project("{9A19103F-16F7-4668-BE54-9A1E7A4F7556}") = "Null.PhantomTank", "Null.PhantomTank\Null.PhantomTank.csproj", "{71ADF4AD-3D1F-4794-A84B-8D2D3E3864E1}"
EndProject
Project("{2150E333-8FDC-42A3-9474-1A3956D46DE8}") = "Solution Items", "Solution Items", "{70ADA944-EE14-4713-B4E0-2E4390BFDC5C}"
	ProjectSection(SolutionItems) = preProject
		ReadMe.md = ReadMe.md
	EndProjectSection
EndProject
Project("{FAE04EC0-301F-11D3-BF4B-00C04F79EFBC}") = "Null.PhantomTank.Wpf", "Null.PhantomTank.Wpf\Null.PhantomTank.Wpf.csproj", "{45D0513C-FD21-4F61-A0BE-3E3C8B681FAA}"
EndProject
Project("{FAE04EC0-301F-11D3-BF4B-00C04F79EFBC}") = "Null.PhantomTank.Uwp", "Null.PhantomTank.Uwp\Null.PhantomTank.Uwp.csproj", "{A5A8C951-CCFA-49B7-91D8-8A143962F7F5}"
EndProject
Global
	GlobalSection(SolutionConfigurationPlatforms) = preSolution
		Debug|Any CPU = Debug|Any CPU
		Debug|ARM = Debug|ARM
		Debug|ARM64 = Debug|ARM64
		Debug|x64 = Debug|x64
		Debug|x86 = Debug|x86
		Release|Any CPU = Release|Any CPU
		Release|ARM = Release|ARM
		Release|ARM64 = Release|ARM64
		Release|x64 = Release|x64
		Release|x86 = Release|x86
	EndGlobalSection
	GlobalSection(ProjectConfigurationPlatforms) = postSolution
		{84716243-DC8A-4A62-9207-B56BAF31942E}.Debug|Any CPU.ActiveCfg = Debug|Any CPU
		{84716243-DC8A-4A62-9207-B56BAF31942E}.Debug|Any CPU.Build.0 = Debug|Any CPU
		{84716243-DC8A-4A62-9207-B56BAF31942E}.Debug|ARM.ActiveCfg = Debug|Any CPU
		{84716243-DC8A-4A62-9207-B56BAF31942E}.Debug|ARM.Build.0 = Debug|Any CPU
		{84716243-DC8A-4A62-9207-B56BAF31942E}.Debug|ARM64.ActiveCfg = Debug|Any CPU
		{84716243-DC8A-4A62-9207-B56BAF31942E}.Debug|ARM64.Build.0 = Debug|Any CPU
		{84716243-DC8A-4A62-9207-B56BAF31942E}.Debug|x64.ActiveCfg = Debug|Any CPU
		{84716243-DC8A-4A62-9207-B56BAF31942E}.Debug|x64.Build.0 = Debug|Any CPU
		{84716243-DC8A-4A62-9207-B56BAF31942E}.Debug|x86.ActiveCfg = Debug|Any CPU
		{84716243-DC8A-4A62-9207-B56BAF31942E}.Debug|x86.Build.0 = Debug|Any CPU
		{84716243-DC8A-4A62-9207-B56BAF31942E}.Release|Any CPU.ActiveCfg = Release|Any CPU
		{84716243-DC8A-4A62-9207-B56BAF31942E}.Release|Any CPU.Build.0 = Release|Any CPU
		{84716243-DC8A-4A62-9207-B56BAF31942E}.Release|ARM.ActiveCfg = Release|Any CPU
		{84716243-DC8A-4A62-9207-B56BAF31942E}.Release|ARM.Build.0 = Release|Any CPU
		{84716243-DC8A-4A62-9207-B56BAF31942E}.Release|ARM64.ActiveCfg = Release|Any CPU
		{84716243-DC8A-4A62-9207-B56BAF31942E}.Release|ARM64.Build.0 = Release|Any CPU
		{84716243-DC8A-4A62-9207-B56BAF31942E}.Release|x64.ActiveCfg = Release|Any CPU
		{84716243-DC8A-4A62-9207-B56BAF31942E}.Release|x64.Build.0 = Release|Any CPU
		{84716243-DC8A-4A62-9207-B56BAF31942E}.Release|x86.ActiveCfg = Release|Any CPU
		{84716243-DC8A-4A62-9207-B56BAF31942E}.Release|x86.Build.0 = Release|Any CPU
		{A1FF3D3D-7525-4625-A218-79E393C679AF}.Debug|Any CPU.ActiveCfg = Debug|Any CPU
		{A1FF3D3D-7525-4625-A218-79E393C679AF}.Debug|Any CPU.Build.0 = Debug|Any CPU
		{A1FF3D3D-7525-4625-A218-79E393C679AF}.Debug|ARM.ActiveCfg = Debug|Any CPU
		{A1FF3D3D-7525-4625-A218-79E393C679AF}.Debug|ARM.Build.0 = Debug|Any CPU
		{A1FF3D3D-7525-4625-A218-79E393C679AF}.Debug|ARM64.ActiveCfg = Debug|Any CPU
		{A1FF3D3D-7525-4625-A218-79E393C679AF}.Debug|ARM64.Build.0 = Debug|Any CPU
		{A1FF3D3D-7525-4625-A218-79E393C679AF}.Debug|x64.ActiveCfg = Debug|Any CPU
		{A1FF3D3D-7525-4625-A218-79E393C679AF}.Debug|x64.Build.0 = Debug|Any CPU
		{A1FF3D3D-7525-4625-A218-79E393C679AF}.Debug|x86.ActiveCfg = Debug|Any CPU
		{A1FF3D3D-7525-4625-A218-79E393C679AF}.Debug|x86.Build.0 = Debug|Any CPU
		{A1FF3D3D-7525-4625-A218-79E393C679AF}.Release|Any CPU.ActiveCfg = Release|Any CPU
		{A1FF3D3D-7525-4625-A218-79E393C679AF}.Release|Any CPU.Build.0 = Release|Any CPU
		{A1FF3D3D-7525-4625-A218-79E393C679AF}.Release|ARM.ActiveCfg = Release|Any CPU
		{A1FF3D3D-7525-4625-A218-79E393C679AF}.Release|ARM.Build.0 = Release|Any CPU
		{A1FF3D3D-7525-4625-A218-79E393C679AF}.Release|ARM64.ActiveCfg = Release|Any CPU
		{A1FF3D3D-7525-4625-A218-79E393C679AF}.Release|ARM64.Build.0 = Release|Any CPU
		{A1FF3D3D-7525-4625-A218-79E393C679AF}.Release|x64.ActiveCfg = Release|Any CPU
		{A1FF3D3D-7525-4625-A218-79E393C679AF}.Release|x64.Build.0 = Release|Any CPU
		{A1FF3D3D-7525-4625-A218-79E393C679AF}.Release|x86.ActiveCfg = Release|Any CPU
		{A1FF3D3D-7525-4625-A218-79E393C679AF}.Release|x86.Build.0 = Release|Any CPU
		{71ADF4AD-3D1F-4794-A84B-8D2D3E3864E1}.Debug|Any CPU.ActiveCfg = Debug|Any CPU
		{71ADF4AD-3D1F-4794-A84B-8D2D3E3864E1}.Debug|Any CPU.Build.0 = Debug|Any CPU
		{71ADF4AD-3D1F-4794-A84B-8D2D3E3864E1}.Debug|ARM.ActiveCfg = Debug|Any CPU
		{71ADF4AD-3D1F-4794-A84B-8D2D3E3864E1}.Debug|ARM.Build.0 = Debug|Any CPU
		{71ADF4AD-3D1F-4794-A84B-8D2D3E3864E1}.Debug|ARM64.ActiveCfg = Debug|Any CPU
		{71ADF4AD-3D1F-4794-A84B-8D2D3E3864E1}.Debug|ARM64.Build.0 = Debug|Any CPU
		{71ADF4AD-3D1F-4794-A84B-8D2D3E3864E1}.Debug|x64.ActiveCfg = Debug|Any CPU
		{71ADF4AD-3D1F-4794-A84B-8D2D3E3864E1}.Debug|x64.Build.0 = Debug|Any CPU
		{71ADF4AD-3D1F-4794-A84B-8D2D3E3864E1}.Debug|x86.ActiveCfg = Debug|Any CPU
		{71ADF4AD-3D1F-4794-A84B-8D2D3E3864E1}.Debug|x86.Build.0 = Debug|Any CPU
		{71ADF4AD-3D1F-4794-A84B-8D2D3E3864E1}.Release|Any CPU.ActiveCfg = Release|Any CPU
		{71ADF4AD-3D1F-4794-A84B-8D2D3E3864E1}.Release|Any CPU.Build.0 = Release|Any CPU
		{71ADF4AD-3D1F-4794-A84B-8D2D3E3864E1}.Release|ARM.ActiveCfg = Release|Any CPU
		{71ADF4AD-3D1F-4794-A84B-8D2D3E3864E1}.Release|ARM.Build.0 = Release|Any CPU
		{71ADF4AD-3D1F-4794-A84B-8D2D3E3864E1}.Release|ARM64.ActiveCfg = Release|Any CPU
		{71ADF4AD-3D1F-4794-A84B-8D2D3E3864E1}.Release|ARM64.Build.0 = Release|Any CPU
		{71ADF4AD-3D1F-4794-A84B-8D2D3E3864E1}.Release|x64.ActiveCfg = Release|Any CPU
		{71ADF4AD-3D1F-4794-A84B-8D2D3E3864E1}.Release|x64.Build.0 = Release|Any CPU
		{71ADF4AD-3D1F-4794-A84B-8D2D3E3864E1}.Release|x86.ActiveCfg = Release|Any CPU
		{71ADF4AD-3D1F-4794-A84B-8D2D3E3864E1}.Release|x86.Build.0 = Release|Any CPU
		{45D0513C-FD21-4F61-A0BE-3E3C8B681FAA}.Debug|Any CPU.ActiveCfg = Debug|Any CPU
		{45D0513C-FD21-4F61-A0BE-3E3C8B681FAA}.Debug|Any CPU.Build.0 = Debug|Any CPU
		{45D0513C-FD21-4F61-A0BE-3E3C8B681FAA}.Debug|ARM.ActiveCfg = Debug|Any CPU
		{45D0513C-FD21-4F61-A0BE-3E3C8B681FAA}.Debug|ARM.Build.0 = Debug|Any CPU
		{45D0513C-FD21-4F61-A0BE-3E3C8B681FAA}.Debug|ARM64.ActiveCfg = Debug|Any CPU
		{45D0513C-FD21-4F61-A0BE-3E3C8B681FAA}.Debug|ARM64.Build.0 = Debug|Any CPU
		{45D0513C-FD21-4F61-A0BE-3E3C8B681FAA}.Debug|x64.ActiveCfg = Debug|Any CPU
		{45D0513C-FD21-4F61-A0BE-3E3C8B681FAA}.Debug|x64.Build.0 = Debug|Any CPU
		{45D0513C-FD21-4F61-A0BE-3E3C8B681FAA}.Debug|x86.ActiveCfg = Debug|Any CPU
		{45D0513C-FD21-4F61-A0BE-3E3C8B681FAA}.Debug|x86.Build.0 = Debug|Any CPU
		{45D0513C-FD21-4F61-A0BE-3E3C8B681FAA}.Release|Any CPU.ActiveCfg = Release|Any CPU
		{45D0513C-FD21-4F61-A0BE-3E3C8B681FAA}.Release|Any CPU.Build.0 = Release|Any CPU
		{45D0513C-FD21-4F61-A0BE-3E3C8B681FAA}.Release|ARM.ActiveCfg = Release|Any CPU
		{45D0513C-FD21-4F61-A0BE-3E3C8B681FAA}.Release|ARM.Build.0 = Release|Any CPU
		{45D0513C-FD21-4F61-A0BE-3E3C8B681FAA}.Release|ARM64.ActiveCfg = Release|Any CPU
		{45D0513C-FD21-4F61-A0BE-3E3C8B681FAA}.Release|ARM64.Build.0 = Release|Any CPU
		{45D0513C-FD21-4F61-A0BE-3E3C8B681FAA}.Release|x64.ActiveCfg = Release|Any CPU
		{45D0513C-FD21-4F61-A0BE-3E3C8B681FAA}.Release|x64.Build.0 = Release|Any CPU
		{45D0513C-FD21-4F61-A0BE-3E3C8B681FAA}.Release|x86.ActiveCfg = Release|Any CPU
		{45D0513C-FD21-4F61-A0BE-3E3C8B681FAA}.Release|x86.Build.0 = Release|Any CPU
		{A5A8C951-CCFA-49B7-91D8-8A143962F7F5}.Debug|Any CPU.ActiveCfg = Debug|x86
		{A5A8C951-CCFA-49B7-91D8-8A143962F7F5}.Debug|ARM.ActiveCfg = Debug|ARM
		{A5A8C951-CCFA-49B7-91D8-8A143962F7F5}.Debug|ARM.Build.0 = Debug|ARM
		{A5A8C951-CCFA-49B7-91D8-8A143962F7F5}.Debug|ARM.Deploy.0 = Debug|ARM
		{A5A8C951-CCFA-49B7-91D8-8A143962F7F5}.Debug|ARM64.ActiveCfg = Debug|ARM64
		{A5A8C951-CCFA-49B7-91D8-8A143962F7F5}.Debug|ARM64.Build.0 = Debug|ARM64
		{A5A8C951-CCFA-49B7-91D8-8A143962F7F5}.Debug|ARM64.Deploy.0 = Debug|ARM64
		{A5A8C951-CCFA-49B7-91D8-8A143962F7F5}.Debug|x64.ActiveCfg = Debug|x64
		{A5A8C951-CCFA-49B7-91D8-8A143962F7F5}.Debug|x64.Build.0 = Debug|x64
		{A5A8C951-CCFA-49B7-91D8-8A143962F7F5}.Debug|x64.Deploy.0 = Debug|x64
		{A5A8C951-CCFA-49B7-91D8-8A143962F7F5}.Debug|x86.ActiveCfg = Debug|x86
		{A5A8C951-CCFA-49B7-91D8-8A143962F7F5}.Debug|x86.Build.0 = Debug|x86
		{A5A8C951-CCFA-49B7-91D8-8A143962F7F5}.Debug|x86.Deploy.0 = Debug|x86
		{A5A8C951-CCFA-49B7-91D8-8A143962F7F5}.Release|Any CPU.ActiveCfg = Release|x86
		{A5A8C951-CCFA-49B7-91D8-8A143962F7F5}.Release|ARM.ActiveCfg = Release|ARM
		{A5A8C951-CCFA-49B7-91D8-8A143962F7F5}.Release|ARM.Build.0 = Release|ARM
		{A5A8C951-CCFA-49B7-91D8-8A143962F7F5}.Release|ARM.Deploy.0 = Release|ARM
		{A5A8C951-CCFA-49B7-91D8-8A143962F7F5}.Release|ARM64.ActiveCfg = Release|ARM64
		{A5A8C951-CCFA-49B7-91D8-8A143962F7F5}.Release|ARM64.Build.0 = Release|ARM64
		{A5A8C951-CCFA-49B7-91D8-8A143962F7F5}.Release|ARM64.Deploy.0 = Release|ARM64
		{A5A8C951-CCFA-49B7-91D8-8A143962F7F5}.Release|x64.ActiveCfg = Release|x64
		{A5A8C951-CCFA-49B7-91D8-8A143962F7F5}.Release|x64.Build.0 = Release|x64
		{A5A8C951-CCFA-49B7-91D8-8A143962F7F5}.Release|x64.Deploy.0 = Release|x64
		{A5A8C951-CCFA-49B7-91D8-8A143962F7F5}.Release|x86.ActiveCfg = Release|x86
		{A5A8C951-CCFA-49B7-91D8-8A143962F7F5}.Release|x86.Build.0 = Release|x86
		{A5A8C951-CCFA-49B7-91D8-8A143962F7F5}.Release|x86.Deploy.0 = Release|x86
	EndGlobalSection
	GlobalSection(SolutionProperties) = preSolution
		HideSolutionNode = FALSE
	EndGlobalSection
	GlobalSection(ExtensibilityGlobals) = postSolution
		SolutionGuid = {45073A54-99ED-4E60-84C7-33E5B0F8B397}
	EndGlobalSection
EndGlobal
